
Microsoft Visual Studio Solution File, Format Version 12.00
# Visual Studio Version 17
VisualStudioVersion = 17.0.31903.59
MinimumVisualStudioVersion = 10.0.40219.1
Project("{2150E333-8FDC-42A3-9474-1A3956D46DE8}") = "src", "src", "{827E0CD3-B72D-47B6-A68D-7590B98EB39B}"
EndProject
Project("{2150E333-8FDC-42A3-9474-1A3956D46DE8}") = "Core", "Core", "{8D626EA8-CB54-BC41-363A-217881BEBA6E}"
EndProject
Project("{FAE04EC0-301F-11D3-BF4B-00C04F79EFBC}") = "ECommerce.Domain", "src\Core\ECommerce.Domain\ECommerce.Domain.csproj", "{A6337EE3-E8D3-4235-8A4D-8A44179E09BA}"
EndProject
Project("{2150E333-8FDC-42A3-9474-1A3956D46DE8}") = "Application", "Application", "{22BAF98C-8415-17C4-B26A-D537657BC863}"
EndProject
Project("{FAE04EC0-301F-11D3-BF4B-00C04F79EFBC}") = "ECommerce.Application", "src\Application\ECommerce.Application\ECommerce.Application.csproj", "{C83C841D-DD07-445A-8418-9F34E22667AF}"
EndProject
Project("{2150E333-8FDC-42A3-9474-1A3956D46DE8}") = "Infrastructure", "Infrastructure", "{9048EB7F-3875-A59E-E36B-5BD4C6F2A282}"
EndProject
Project("{FAE04EC0-301F-11D3-BF4B-00C04F79EFBC}") = "ECommerce.Infrastructure", "src\Infrastructure\ECommerce.Infrastructure\ECommerce.Infrastructure.csproj", "{44B079D1-5E7F-40BF-AC8C-7864CDFD9A07}"
EndProject
Project("{2150E333-8FDC-42A3-9474-1A3956D46DE8}") = "API", "API", "{81034408-37C8-1011-444E-4C15C2FADA8E}"
EndProject
Project("{FAE04EC0-301F-11D3-BF4B-00C04F79EFBC}") = "ECommerce.API", "src\API\ECommerce.API\ECommerce.API.csproj", "{FCEFBCCE-93E5-469D-8865-E6DFE1C398B4}"
EndProject
Global
	GlobalSection(SolutionConfigurationPlatforms) = preSolution
		Debug|Any CPU = Debug|Any CPU
		Debug|x64 = Debug|x64
		Debug|x86 = Debug|x86
		Release|Any CPU = Release|Any CPU
		Release|x64 = Release|x64
		Release|x86 = Release|x86
	EndGlobalSection
	GlobalSection(ProjectConfigurationPlatforms) = postSolution
		{A6337EE3-E8D3-4235-8A4D-8A44179E09BA}.Debug|Any CPU.ActiveCfg = Debug|Any CPU
		{A6337EE3-E8D3-4235-8A4D-8A44179E09BA}.Debug|Any CPU.Build.0 = Debug|Any CPU
		{A6337EE3-E8D3-4235-8A4D-8A44179E09BA}.Debug|x64.ActiveCfg = Debug|Any CPU
		{A6337EE3-E8D3-4235-8A4D-8A44179E09BA}.Debug|x64.Build.0 = Debug|Any CPU
		{A6337EE3-E8D3-4235-8A4D-8A44179E09BA}.Debug|x86.ActiveCfg = Debug|Any CPU
		{A6337EE3-E8D3-4235-8A4D-8A44179E09BA}.Debug|x86.Build.0 = Debug|Any CPU
		{A6337EE3-E8D3-4235-8A4D-8A44179E09BA}.Release|Any CPU.ActiveCfg = Release|Any CPU
		{A6337EE3-E8D3-4235-8A4D-8A44179E09BA}.Release|Any CPU.Build.0 = Release|Any CPU
		{A6337EE3-E8D3-4235-8A4D-8A44179E09BA}.Release|x64.ActiveCfg = Release|Any CPU
		{A6337EE3-E8D3-4235-8A4D-8A44179E09BA}.Release|x64.Build.0 = Release|Any CPU
		{A6337EE3-E8D3-4235-8A4D-8A44179E09BA}.Release|x86.ActiveCfg = Release|Any CPU
		{A6337EE3-E8D3-4235-8A4D-8A44179E09BA}.Release|x86.Build.0 = Release|Any CPU
		{C83C841D-DD07-445A-8418-9F34E22667AF}.Debug|Any CPU.ActiveCfg = Debug|Any CPU
		{C83C841D-DD07-445A-8418-9F34E22667AF}.Debug|Any CPU.Build.0 = Debug|Any CPU
		{C83C841D-DD07-445A-8418-9F34E22667AF}.Debug|x64.ActiveCfg = Debug|Any CPU
		{C83C841D-DD07-445A-8418-9F34E22667AF}.Debug|x64.Build.0 = Debug|Any CPU
		{C83C841D-DD07-445A-8418-9F34E22667AF}.Debug|x86.ActiveCfg = Debug|Any CPU
		{C83C841D-DD07-445A-8418-9F34E22667AF}.Debug|x86.Build.0 = Debug|Any CPU
		{C83C841D-DD07-445A-8418-9F34E22667AF}.Release|Any CPU.ActiveCfg = Release|Any CPU
		{C83C841D-DD07-445A-8418-9F34E22667AF}.Release|Any CPU.Build.0 = Release|Any CPU
		{C83C841D-DD07-445A-8418-9F34E22667AF}.Release|x64.ActiveCfg = Release|Any CPU
		{C83C841D-DD07-445A-8418-9F34E22667AF}.Release|x64.Build.0 = Release|Any CPU
		{C83C841D-DD07-445A-8418-9F34E22667AF}.Release|x86.ActiveCfg = Release|Any CPU
		{C83C841D-DD07-445A-8418-9F34E22667AF}.Release|x86.Build.0 = Release|Any CPU
		{44B079D1-5E7F-40BF-AC8C-7864CDFD9A07}.Debug|Any CPU.ActiveCfg = Debug|Any CPU
		{44B079D1-5E7F-40BF-AC8C-7864CDFD9A07}.Debug|Any CPU.Build.0 = Debug|Any CPU
		{44B079D1-5E7F-40BF-AC8C-7864CDFD9A07}.Debug|x64.ActiveCfg = Debug|Any CPU
		{44B079D1-5E7F-40BF-AC8C-7864CDFD9A07}.Debug|x64.Build.0 = Debug|Any CPU
		{44B079D1-5E7F-40BF-AC8C-7864CDFD9A07}.Debug|x86.ActiveCfg = Debug|Any CPU
		{44B079D1-5E7F-40BF-AC8C-7864CDFD9A07}.Debug|x86.Build.0 = Debug|Any CPU
		{44B079D1-5E7F-40BF-AC8C-7864CDFD9A07}.Release|Any CPU.ActiveCfg = Release|Any CPU
		{44B079D1-5E7F-40BF-AC8C-7864CDFD9A07}.Release|Any CPU.Build.0 = Release|Any CPU
		{44B079D1-5E7F-40BF-AC8C-7864CDFD9A07}.Release|x64.ActiveCfg = Release|Any CPU
		{44B079D1-5E7F-40BF-AC8C-7864CDFD9A07}.Release|x64.Build.0 = Release|Any CPU
		{44B079D1-5E7F-40BF-AC8C-7864CDFD9A07}.Release|x86.ActiveCfg = Release|Any CPU
		{44B079D1-5E7F-40BF-AC8C-7864CDFD9A07}.Release|x86.Build.0 = Release|Any CPU
		{FCEFBCCE-93E5-469D-8865-E6DFE1C398B4}.Debug|Any CPU.ActiveCfg = Debug|Any CPU
		{FCEFBCCE-93E5-469D-8865-E6DFE1C398B4}.Debug|Any CPU.Build.0 = Debug|Any CPU
		{FCEFBCCE-93E5-469D-8865-E6DFE1C398B4}.Debug|x64.ActiveCfg = Debug|Any CPU
		{FCEFBCCE-93E5-469D-8865-E6DFE1C398B4}.Debug|x64.Build.0 = Debug|Any CPU
		{FCEFBCCE-93E5-469D-8865-E6DFE1C398B4}.Debug|x86.ActiveCfg = Debug|Any CPU
		{FCEFBCCE-93E5-469D-8865-E6DFE1C398B4}.Debug|x86.Build.0 = Debug|Any CPU
		{FCEFBCCE-93E5-469D-8865-E6DFE1C398B4}.Release|Any CPU.ActiveCfg = Release|Any CPU
		{FCEFBCCE-93E5-469D-8865-E6DFE1C398B4}.Release|Any CPU.Build.0 = Release|Any CPU
		{FCEFBCCE-93E5-469D-8865-E6DFE1C398B4}.Release|x64.ActiveCfg = Release|Any CPU
		{FCEFBCCE-93E5-469D-8865-E6DFE1C398B4}.Release|x64.Build.0 = Release|Any CPU
		{FCEFBCCE-93E5-469D-8865-E6DFE1C398B4}.Release|x86.ActiveCfg = Release|Any CPU
		{FCEFBCCE-93E5-469D-8865-E6DFE1C398B4}.Release|x86.Build.0 = Release|Any CPU
	EndGlobalSection
	GlobalSection(SolutionProperties) = preSolution
		HideSolutionNode = FALSE
	EndGlobalSection
	GlobalSection(NestedProjects) = preSolution
		{8D626EA8-CB54-BC41-363A-217881BEBA6E} = {827E0CD3-B72D-47B6-A68D-7590B98EB39B}
		{A6337EE3-E8D3-4235-8A4D-8A44179E09BA} = {8D626EA8-CB54-BC41-363A-217881BEBA6E}
		{22BAF98C-8415-17C4-B26A-D537657BC863} = {827E0CD3-B72D-47B6-A68D-7590B98EB39B}
		{C83C841D-DD07-445A-8418-9F34E22667AF} = {22BAF98C-8415-17C4-B26A-D537657BC863}
		{9048EB7F-3875-A59E-E36B-5BD4C6F2A282} = {827E0CD3-B72D-47B6-A68D-7590B98EB39B}
		{44B079D1-5E7F-40BF-AC8C-7864CDFD9A07} = {9048EB7F-3875-A59E-E36B-5BD4C6F2A282}
		{81034408-37C8-1011-444E-4C15C2FADA8E} = {827E0CD3-B72D-47B6-A68D-7590B98EB39B}
		{FCEFBCCE-93E5-469D-8865-E6DFE1C398B4} = {81034408-37C8-1011-444E-4C15C2FADA8E}
	EndGlobalSection
EndGlobal
